
Microsoft Visual Studio Solution File, Format Version 12.00
# Visual Studio 15
VisualStudioVersion = 15.0.28010.2046
MinimumVisualStudioVersion = 10.0.40219.1
Project("{FAE04EC0-301F-11D3-BF4B-00C04F79EFBC}") = "DllInstaller", "DllInstaller\DllInstaller.csproj", "{61995633-8C59-4C3A-A810-85DBD4E7D60D}"
EndProject
Global
	GlobalSection(SolutionConfigurationPlatforms) = preSolution
		Debug|Any CPU = Debug|Any CPU
		Release|Any CPU = Release|Any CPU
	EndGlobalSection
	GlobalSection(ProjectConfigurationPlatforms) = postSolution
		{61995633-8C59-4C3A-A810-85DBD4E7D60D}.Debug|Any CPU.ActiveCfg = Debug|Any CPU
		{61995633-8C59-4C3A-A810-85DBD4E7D60D}.Debug|Any CPU.Build.0 = Debug|Any CPU
		{61995633-8C59-4C3A-A810-85DBD4E7D60D}.Release|Any CPU.ActiveCfg = Release|Any CPU
		{61995633-8C59-4C3A-A810-85DBD4E7D60D}.Release|Any CPU.Build.0 = Release|Any CPU
	EndGlobalSection
	GlobalSection(SolutionProperties) = preSolution
		HideSolutionNode = FALSE
	EndGlobalSection
	GlobalSection(ExtensibilityGlobals) = postSolution
		SolutionGuid = {99A76177-449B-4765-B453-5776793E45EC}
	EndGlobalSection
EndGlobal
